
Microsoft Visual Studio Solution File, Format Version 12.00
# Visual Studio Version 16
VisualStudioVersion = 16.0.29306.81
MinimumVisualStudioVersion = 10.0.40219.1
Project("{FAE04EC0-301F-11D3-BF4B-00C04F79EFBC}") = "H2.Routing.Web", "H2.Routing.Web\H2.Routing.Web.csproj", "{3C21FAC6-1DE8-4351-9CEE-6C65B1F3701C}"
EndProject
Global
	GlobalSection(SolutionConfigurationPlatforms) = preSolution
		Debug|Any CPU = Debug|Any CPU
		Release|Any CPU = Release|Any CPU
	EndGlobalSection
	GlobalSection(ProjectConfigurationPlatforms) = postSolution
		{3C21FAC6-1DE8-4351-9CEE-6C65B1F3701C}.Debug|Any CPU.ActiveCfg = Debug|Any CPU
		{3C21FAC6-1DE8-4351-9CEE-6C65B1F3701C}.Debug|Any CPU.Build.0 = Debug|Any CPU
		{3C21FAC6-1DE8-4351-9CEE-6C65B1F3701C}.Release|Any CPU.ActiveCfg = Release|Any CPU
		{3C21FAC6-1DE8-4351-9CEE-6C65B1F3701C}.Release|Any CPU.Build.0 = Release|Any CPU
	EndGlobalSection
	GlobalSection(SolutionProperties) = preSolution
		HideSolutionNode = FALSE
	EndGlobalSection
	GlobalSection(ExtensibilityGlobals) = postSolution
		SolutionGuid = {AB949557-624D-4F1A-AD13-6A46F155C6CC}
	EndGlobalSection
EndGlobal
